PODS:
  - ReactiveObjC (3.1.1)

DEPENDENCIES:
  - ReactiveObjC (~> 3.1.1)

SPEC REPOS:
  https://github.com/cocoapods/specs.git:
    - ReactiveObjC

SPEC CHECKSUMS:
  ReactiveObjC: 011caa393aa0383245f2dcf9bf02e86b80b36040

PODFILE CHECKSUM: 0860954e93d3c98758acf0631116588b137f57ba

COCOAPODS: 1.5.3
